PODS:
  - BlueCryptor (1.0.32)
  - BlueECC (1.2.5)
  - BlueRSA (1.0.200)
  - Capacitor (5.0.5):
    - CapacitorCordova
  - CapacitorCordova (5.0.5)
  - CapacitorPluginEpassReader (0.9.10):
    - Capacitor
    - GoogleMLKit/TextRecognition
    - OpenSSL-Universal
    - QKMRZParser
    - SwiftJWT
    - SwiftyRSA
  - CapacitorToast (5.0.4):
    - Capacitor
  - GoogleDataTransport (9.2.3):
    - GoogleUtilities/Environment (~> 7.7)
    - nanopb (< 2.30910.0, >= 2.30908.0)
    - PromisesObjC (< 3.0, >= 1.2)
  - GoogleMLKit/MLKitCore (4.0.0):
    - MLKitCommon (~> 9.0.0)
  - GoogleMLKit/TextRecognition (4.0.0):
    - GoogleMLKit/MLKitCore
    - MLKitTextRecognition (~> 2.0.0)
  - GoogleToolboxForMac/DebugUtils (2.3.2):
    - GoogleToolboxForMac/Defines (= 2.3.2)
  - GoogleToolboxForMac/Defines (2.3.2)
  - GoogleToolboxForMac/Logger (2.3.2):
    - GoogleToolboxForMac/Defines (= 2.3.2)
  - "GoogleToolboxForMac/NSData+zlib (2.3.2)":
    - GoogleToolboxForMac/Defines (= 2.3.2)
  - "GoogleToolboxForMac/NSDictionary+URLArguments (2.3.2)":
    - GoogleToolboxForMac/DebugUtils (= 2.3.2)
    - GoogleToolboxForMac/Defines (= 2.3.2)
    - "GoogleToolboxForMac/NSString+URLArguments (= 2.3.2)"
  - "GoogleToolboxForMac/NSString+URLArguments (2.3.2)"
  - GoogleUtilities/Environment (7.11.1):
    - PromisesObjC (< 3.0, >= 1.2)
  - GoogleUtilities/Logger (7.11.1):
    - GoogleUtilities/Environment
  - GoogleUtilities/UserDefaults (7.11.1):
    - GoogleUtilities/Logger
  - GoogleUtilitiesComponents (1.1.0):
    - GoogleUtilities/Logger
  - GTMSessionFetcher/Core (2.3.0)
  - KituraContracts (1.2.1):
    - LoggerAPI (~> 1.7)
  - LoggerAPI (1.9.200):
    - Logging (~> 1.1)
  - Logging (1.4.0)
  - MLImage (1.0.0-beta4)
  - MLKitCommon (9.0.0):
    - GoogleDataTransport (~> 9.0)
    - GoogleToolboxForMac/Logger (~> 2.1)
    - "GoogleToolboxForMac/NSData+zlib (~> 2.1)"
    - "GoogleToolboxForMac/NSDictionary+URLArguments (~> 2.1)"
    - GoogleUtilities/UserDefaults (~> 7.0)
    - GoogleUtilitiesComponents (~> 1.0)
    - GTMSessionFetcher/Core (< 3.0, >= 1.1)
  - MLKitTextRecognition (2.0.0):
    - MLKitCommon (~> 9.0)
    - MLKitTextRecognitionCommon (= 1.0.0)
    - MLKitVision (~> 5.0)
  - MLKitTextRecognitionCommon (1.0.0):
    - MLKitCommon (~> 9.0)
    - MLKitVision (~> 5.0)
  - MLKitVision (5.0.0):
    - GoogleToolboxForMac/Logger (~> 2.1)
    - "GoogleToolboxForMac/NSData+zlib (~> 2.1)"
    - GTMSessionFetcher/Core (< 3.0, >= 1.1)
    - MLImage (= 1.0.0-beta4)
    - MLKitCommon (~> 9.0)
  - nanopb (2.30909.0):
    - nanopb/decode (= 2.30909.0)
    - nanopb/encode (= 2.30909.0)
  - nanopb/decode (2.30909.0)
  - nanopb/encode (2.30909.0)
  - OpenSSL-Universal (1.1.2100)
  - PromisesObjC (2.2.0)
  - QKMRZParser (2.0.0)
  - SwiftJWT (3.6.200):
    - BlueCryptor (~> 1.0)
    - BlueECC (~> 1.1)
    - BlueRSA (~> 1.0)
    - KituraContracts (~> 1.2)
    - LoggerAPI (~> 1.7)
  - SwiftyRSA (1.7.0):
    - SwiftyRSA/ObjC (= 1.7.0)
  - SwiftyRSA/ObjC (1.7.0)

DEPENDENCIES:
  - "Capacitor (from `../../node_modules/@capacitor/ios`)"
  - "CapacitorCordova (from `../../node_modules/@capacitor/ios`)"
  - "CapacitorPluginEpassReader (from `../../node_modules/@proofme-id/sdk/web/reader`)"
  - "CapacitorToast (from `../../node_modules/@capacitor/toast`)"

SPEC REPOS:
  trunk:
    - BlueCryptor
    - BlueECC
    - BlueRSA
    - GoogleDataTransport
    - GoogleMLKit
    - GoogleToolboxForMac
    - GoogleUtilities
    - GoogleUtilitiesComponents
    - GTMSessionFetcher
    - KituraContracts
    - LoggerAPI
    - Logging
    - MLImage
    - MLKitCommon
    - MLKitTextRecognition
    - MLKitTextRecognitionCommon
    - MLKitVision
    - nanopb
    - OpenSSL-Universal
    - PromisesObjC
    - QKMRZParser
    - SwiftJWT
    - SwiftyRSA

EXTERNAL SOURCES:
  Capacitor:
    :path: "../../node_modules/@capacitor/ios"
  CapacitorCordova:
    :path: "../../node_modules/@capacitor/ios"
  CapacitorPluginEpassReader:
    :path: "../../node_modules/@proofme-id/sdk/web/reader"
  CapacitorToast:
    :path: "../../node_modules/@capacitor/toast"

SPEC CHECKSUMS:
  BlueCryptor: b0aee3d9b8f367b49b30de11cda90e1735571c24
  BlueECC: 0d18e93347d3ec6d41416de21c1ffa4d4cd3c2cc
  BlueRSA: dfeef51db96bcc4edec654956c1581adbda4e6a3
  Capacitor: b1248915663add1bd6567e2b67c1c1fa3abcf5e8
  CapacitorCordova: f8c06b897c74ee8f7701fe10e6443b40822bc83a
  CapacitorPluginEpassReader: b82bba9cd2570c887f1556c1e48acccdb588b067
  CapacitorToast: fcc4329f01d06cf02f190f8f5ce7f16509a2263c
  GoogleDataTransport: f0308f5905a745f94fb91fea9c6cbaf3831cb1bd
  GoogleMLKit: 2bd0dc6253c4d4f227aad460f69215a504b2980e
  GoogleToolboxForMac: 8bef7c7c5cf7291c687cf5354f39f9db6399ad34
  GoogleUtilities: 9aa0ad5a7bc171f8bae016300bfcfa3fb8425749
  GoogleUtilitiesComponents: 679b2c881db3b615a2777504623df6122dd20afe
  GTMSessionFetcher: 3a63d75eecd6aa32c2fc79f578064e1214dfdec2
  KituraContracts: e845e60dc8627ad0a76fa55ef20a45451d8f830b
  LoggerAPI: ad9c4a6f1e32f518fdb43a1347ac14d765ab5e3d
  Logging: beeb016c9c80cf77042d62e83495816847ef108b
  MLImage: 7bb7c4264164ade9bf64f679b40fb29c8f33ee9b
  MLKitCommon: c1b791c3e667091918d91bda4bba69a91011e390
  MLKitTextRecognition: 9ff0c843f2723d31d4bdd0c0d17a0a18382ed23e
  MLKitTextRecognitionCommon: 0d48930fee25cce9d52d0ba217490d4797061aa2
  MLKitVision: 8baa5f46ee3352614169b85250574fde38c36f49
  nanopb: b552cce312b6c8484180ef47159bc0f65a1f0431
  OpenSSL-Universal: 96db2ea04174c0e3d50d93b74f0e198f980e2aa9
  PromisesObjC: 09985d6d70fbe7878040aa746d78236e6946d2ef
  QKMRZParser: 6b419b6f07d6bff6b50429b97de10846dc902c29
  SwiftJWT: 88c412708f58c169d431d344c87bc79a87c830ae
  SwiftyRSA: 8c6dd1ea7db1b8dc4fb517a202f88bb1354bc2c6

PODFILE CHECKSUM: 4339496daf17f817ff2a9436747bc82cbd998efb

COCOAPODS: 1.12.1
